Microsoft Visual Studio Solution File, Format Version 12.00
# Visual Studio 15
VisualStudioVersion = 15.0.26730.16
MinimumVisualStudioVersion = 10.0.40219.1
Project("{9A19103F-16F7-4668-BE54-9A1E7A4F7556}") = "Hiring.Cloud.CodeChallengeRazor", "Hiring.Cloud.CodeChallenge\Hiring.Cloud.CodeChallengeRazor.csproj", "{2906B923-7FFC-4A9F-B776-6F0EB1F0A317}"
EndProject
Project("{9A19103F-16F7-4668-BE54-9A1E7A4F7556}") = "Hiring.Cloud.CodeChallenge.Model", "Hiring.Cloud.CodeChallenge.Model\Hiring.Cloud.CodeChallenge.Model.csproj", "{62292CE5-4042-4D3E-887A-BAD42AED978C}"
EndProject
Project("{9A19103F-16F7-4668-BE54-9A1E7A4F7556}") = "Hiring.Cloud.CodeChallenge.Service", "Hiring.Cloud.CodeChallenge.Service\Hiring.Cloud.CodeChallenge.Service.csproj", "{35C622D1-4403-41FC-B513-83857CFCDFAB}"
EndProject
Project("{9A19103F-16F7-4668-BE54-9A1E7A4F7556}") = "Hiring.Cloud.CodeChallenge.MVC", "Hiring.Cloud.CodeChallenge.MVC\Hiring.Cloud.CodeChallenge.MVC.csproj", "{BE55909B-9D09-4B7F-AEEB-47A48E1C84A4}"
EndProject
Project("{9A19103F-16F7-4668-BE54-9A1E7A4F7556}") = "Hiring.Cloud.CodeChallenge.Common", "Hiring.Cloud.CodeChallenge.Common\Hiring.Cloud.CodeChallenge.Common.csproj", "{F0AC0087-C56A-443C-B4F9-15FF63CEFFA6}"
EndProject
Project("{9A19103F-16F7-4668-BE54-9A1E7A4F7556}") = "Hiring.Cloud.CodeChallenge.Test", "Hiring.Cloud.CodeChallenge.Test\Hiring.Cloud.CodeChallenge.Test.csproj", "{F678CDB0-31BF-471D-BA43-0F1E259FD431}"
EndProject
Global
	GlobalSection(SolutionConfigurationPlatforms) = preSolution
		Debug|Any CPU = Debug|Any CPU
		Release|Any CPU = Release|Any CPU
	EndGlobalSection
	GlobalSection(ProjectConfigurationPlatforms) = postSolution
		{2906B923-7FFC-4A9F-B776-6F0EB1F0A317}.Debug|Any CPU.ActiveCfg = Debug|Any CPU
		{2906B923-7FFC-4A9F-B776-6F0EB1F0A317}.Debug|Any CPU.Build.0 = Debug|Any CPU
		{2906B923-7FFC-4A9F-B776-6F0EB1F0A317}.Release|Any CPU.ActiveCfg = Release|Any CPU
		{2906B923-7FFC-4A9F-B776-6F0EB1F0A317}.Release|Any CPU.Build.0 = Release|Any CPU
		{62292CE5-4042-4D3E-887A-BAD42AED978C}.Debug|Any CPU.ActiveCfg = Debug|Any CPU
		{62292CE5-4042-4D3E-887A-BAD42AED978C}.Debug|Any CPU.Build.0 = Debug|Any CPU
		{62292CE5-4042-4D3E-887A-BAD42AED978C}.Release|Any CPU.ActiveCfg = Release|Any CPU
		{62292CE5-4042-4D3E-887A-BAD42AED978C}.Release|Any CPU.Build.0 = Release|Any CPU
		{35C622D1-4403-41FC-B513-83857CFCDFAB}.Debug|Any CPU.ActiveCfg = Debug|Any CPU
		{35C622D1-4403-41FC-B513-83857CFCDFAB}.Debug|Any CPU.Build.0 = Debug|Any CPU
		{35C622D1-4403-41FC-B513-83857CFCDFAB}.Release|Any CPU.ActiveCfg = Release|Any CPU
		{35C622D1-4403-41FC-B513-83857CFCDFAB}.Release|Any CPU.Build.0 = Release|Any CPU
		{BE55909B-9D09-4B7F-AEEB-47A48E1C84A4}.Debug|Any CPU.ActiveCfg = Debug|Any CPU
		{BE55909B-9D09-4B7F-AEEB-47A48E1C84A4}.Debug|Any CPU.Build.0 = Debug|Any CPU
		{BE55909B-9D09-4B7F-AEEB-47A48E1C84A4}.Release|Any CPU.ActiveCfg = Release|Any CPU
		{BE55909B-9D09-4B7F-AEEB-47A48E1C84A4}.Release|Any CPU.Build.0 = Release|Any CPU
		{F0AC0087-C56A-443C-B4F9-15FF63CEFFA6}.Debug|Any CPU.ActiveCfg = Debug|Any CPU
		{F0AC0087-C56A-443C-B4F9-15FF63CEFFA6}.Debug|Any CPU.Build.0 = Debug|Any CPU
		{F0AC0087-C56A-443C-B4F9-15FF63CEFFA6}.Release|Any CPU.ActiveCfg = Release|Any CPU
		{F0AC0087-C56A-443C-B4F9-15FF63CEFFA6}.Release|Any CPU.Build.0 = Release|Any CPU
		{F678CDB0-31BF-471D-BA43-0F1E259FD431}.Debug|Any CPU.ActiveCfg = Debug|Any CPU
		{F678CDB0-31BF-471D-BA43-0F1E259FD431}.Debug|Any CPU.Build.0 = Debug|Any CPU
		{F678CDB0-31BF-471D-BA43-0F1E259FD431}.Release|Any CPU.ActiveCfg = Release|Any CPU
		{F678CDB0-31BF-471D-BA43-0F1E259FD431}.Release|Any CPU.Build.0 = Release|Any CPU
	EndGlobalSection
	GlobalSection(SolutionProperties) = preSolution
		HideSolutionNode = FALSE
	EndGlobalSection
	GlobalSection(ExtensibilityGlobals) = postSolution
		SolutionGuid = {77FFD57C-7636-471B-B914-57DBE0B05381}
	EndGlobalSection
EndGlobal
